
Microsoft Visual Studio Solution File, Format Version 12.00
# Visual Studio Version 17
VisualStudioVersion = 17.6.33829.357
MinimumVisualStudioVersion = 10.0.40219.1
Project("{FAE04EC0-301F-11D3-BF4B-00C04F79EFBC}") = "PemesananTiketBus", "PemesananTiketBus\PemesananTiketBus.csproj", "{2DC56011-531B-488B-BDFA-BF1E92982EAD}"
EndProject
Global
	GlobalSection(SolutionConfigurationPlatforms) = preSolution
		Debug|Any CPU = Debug|Any CPU
		Release|Any CPU = Release|Any CPU
	EndGlobalSection
	GlobalSection(ProjectConfigurationPlatforms) = postSolution
		{2DC56011-531B-488B-BDFA-BF1E92982EAD}.Debug|Any CPU.ActiveCfg = Debug|Any CPU
		{2DC56011-531B-488B-BDFA-BF1E92982EAD}.Debug|Any CPU.Build.0 = Debug|Any CPU
		{2DC56011-531B-488B-BDFA-BF1E92982EAD}.Release|Any CPU.ActiveCfg = Release|Any CPU
		{2DC56011-531B-488B-BDFA-BF1E92982EAD}.Release|Any CPU.Build.0 = Release|Any CPU
	EndGlobalSection
	GlobalSection(SolutionProperties) = preSolution
		HideSolutionNode = FALSE
	EndGlobalSection
	GlobalSection(ExtensibilityGlobals) = postSolution
		SolutionGuid = {C15B5732-EB1D-4F69-AE3C-C17AFCE36323}
	EndGlobalSection
EndGlobal
